{
  "lib/forge-std": {
    "tag": {
      "name": "v1.15.0",
      "rev": "0844d7e1fc5e60d77b68e469bff60265f236c398"
    }
  },
  "lib/reactive-lib": {
    "tag": {
      "name": "v0.2.0",
      "rev": "d664678a7d86204c9391af4cedfd5ae0b0b904e4"
    }
  },
  "lib/v4-hooks-public": {
    "rev": "d4f01f4b9a7eacee56385ac41acc59033c81354f"
  }
}